<?xml version="1.0" encoding="utf-8"?>
<Project ToolsVersion="4.0" xmlns="http://schemas.microsoft.com/developer/msbuild/2003">
  <ItemGroup>
    <Filter Include="ソース ファイル">
      <UniqueIdentifier>{4FC737F1-C7A5-4376-A066-2A32D752A2FF}</UniqueIdentifier>
      <Extensions>cpp;c;cc;cxx;c++;cppm;ixx;def;odl;idl;hpj;bat;asm;asmx</Extensions>
    </Filter>
    <Filter Include="ヘッダー ファイル">
      <UniqueIdentifier>{93995380-89BD-4b04-88EB-625FBE52EBFB}</UniqueIdentifier>
      <Extensions>h;hh;hpp;hxx;h++;hm;inl;inc;ipp;xsd</Extensions>
    </Filter>
    <Filter Include="リソース ファイル">
      <UniqueIdentifier>{67DA6AB6-F800-4c08-8B7A-83BB121AAD01}</UniqueIdentifier>
      <Extensions>rc;ico;cur;bmp;dlg;rc2;rct;bin;rgs;gif;jpg;jpeg;jpe;resx;tiff;tif;png;wav;mfcribbon-ms</Extensions>
    </Filter>
    <Filter Include="シェーダーファイル">
      <UniqueIdentifier>{2e344079-bfeb-4434-92c7-222caf29ca90}</UniqueIdentifier>
    </Filter>
    <Filter Include="ソース ファイル\DX">
      <UniqueIdentifier>{206c159a-3ef9-421d-940f-20eaaad8d4ed}</UniqueIdentifier>
    </Filter>
    <Filter Include="ヘッダー ファイル\DX">
      <UniqueIdentifier>{c11a090a-82de-447c-9738-77e36c9562f0}</UniqueIdentifier>
    </Filter>
  </ItemGroup>
  <ItemGroup>
    <ClCompile Include="main.cpp">
      <Filter>ソース ファイル</Filter>
    </ClCompile>
    <ClCompile Include="sprite.cpp">
      <Filter>ソース ファイル</Filter>
    </ClCompile>
    <ClCompile Include="game.cpp">
      <Filter>ソース ファイル</Filter>
    </ClCompile>
    <ClCompile Include="gamebg.cpp">
      <Filter>ソース ファイル</Filter>
    </ClCompile>
    <ClCompile Include="player.cpp">
      <Filter>ソース ファイル</Filter>
    </ClCompile>
    <ClCompile Include="collision.cpp">
      <Filter>ソース ファイル</Filter>
    </ClCompile>
    <ClCompile Include="controller.cpp">
      <Filter>ソース ファイル</Filter>
    </ClCompile>
    <ClCompile Include="direct3d.cpp">
      <Filter>ソース ファイル\DX</Filter>
    </ClCompile>
    <ClCompile Include="debug_ostream.cpp">
      <Filter>ソース ファイル\DX</Filter>
    </ClCompile>
    <ClCompile Include="GamepadManager _1.0\GamepadManager_DEDUG.cpp">
      <Filter>ソース ファイル\DX</Filter>
    </ClCompile>
    <ClCompile Include="GamepadManager _1.0\GamepadManager.cpp">
      <Filter>ソース ファイル\DX</Filter>
    </ClCompile>
    <ClCompile Include="Mouse.cpp">
      <Filter>ソース ファイル\DX</Filter>
    </ClCompile>
    <ClCompile Include="Keyboard.cpp">
      <Filter>ソース ファイル\DX</Filter>
    </ClCompile>
    <ClCompile Include="shader.cpp">
      <Filter>ソース ファイル\DX</Filter>
    </ClCompile>
    <ClCompile Include="texture.cpp">
      <Filter>ソース ファイル\DX</Filter>
    </ClCompile>
    <ClCompile Include="ChiliTimer\ChiliTimer.cpp">
      <Filter>ソース ファイル\DX</Filter>
    </ClCompile>
    <ClCompile Include="system.cpp">
      <Filter>ソース ファイル\DX</Filter>
    </ClCompile>
    <ClCompile Include="Map.cpp">
      <Filter>ソース ファイル</Filter>
    </ClCompile>
    <ClCompile Include="UI.cpp">
      <Filter>ソース ファイル</Filter>
    </ClCompile>
    <ClCompile Include="GameReady.cpp">
      <Filter>ソース ファイル</Filter>
    </ClCompile>
    <ClCompile Include="GameBattle.cpp">
      <Filter>ソース ファイル</Filter>
    </ClCompile>
    <ClCompile Include="GameResult.cpp">
      <Filter>ソース ファイル</Filter>
    </ClCompile>
    <ClCompile Include="BuildUI.cpp">
      <Filter>ソース ファイル</Filter>
    </ClCompile>
    <ClCompile Include="BuildSystem.cpp">
      <Filter>ソース ファイル</Filter>
    </ClCompile>
  </ItemGroup>
  <ItemGroup>
    <FxCompile Include="shader_pixel_2d.hlsl">
      <Filter>シェーダーファイル</Filter>
    </FxCompile>
    <FxCompile Include="shader_vertex_2d.hlsl">
      <Filter>シェーダーファイル</Filter>
    </FxCompile>
  </ItemGroup>
  <ItemGroup>
    <ClInclude Include="main.h">
      <Filter>ヘッダー ファイル</Filter>
    </ClInclude>
    <ClInclude Include="sprite.h">
      <Filter>ヘッダー ファイル</Filter>
    </ClInclude>
    <ClInclude Include="game.h">
      <Filter>ヘッダー ファイル</Filter>
    </ClInclude>
    <ClInclude Include="gamebg.h">
      <Filter>ヘッダー ファイル</Filter>
    </ClInclude>
    <ClInclude Include="player.h">
      <Filter>ヘッダー ファイル</Filter>
    </ClInclude>
    <ClInclude Include="collision.h">
      <Filter>ヘッダー ファイル</Filter>
    </ClInclude>
    <ClInclude Include="controller.h">
      <Filter>ヘッダー ファイル</Filter>
    </ClInclude>
    <ClInclude Include="debug_ostream.h">
      <Filter>ヘッダー ファイル\DX</Filter>
    </ClInclude>
    <ClInclude Include="direct3d.h">
      <Filter>ヘッダー ファイル\DX</Filter>
    </ClInclude>
    <ClInclude Include="GamepadManager _1.0\GamepadManager.h">
      <Filter>ヘッダー ファイル\DX</Filter>
    </ClInclude>
    <ClInclude Include="GamepadManager _1.0\GamepadManager_DEDUG.h">
      <Filter>ヘッダー ファイル\DX</Filter>
    </ClInclude>
    <ClInclude Include="Mouse.h">
      <Filter>ヘッダー ファイル\DX</Filter>
    </ClInclude>
    <ClInclude Include="Keyboard.h">
      <Filter>ヘッダー ファイル\DX</Filter>
    </ClInclude>
    <ClInclude Include="texture.h">
      <Filter>ヘッダー ファイル\DX</Filter>
    </ClInclude>
    <ClInclude Include="shader.h">
      <Filter>ヘッダー ファイル\DX</Filter>
    </ClInclude>
    <ClInclude Include="ChiliTimer\ChiliTimer.h">
      <Filter>ヘッダー ファイル\DX</Filter>
    </ClInclude>
    <ClInclude Include="system.h">
      <Filter>ヘッダー ファイル\DX</Filter>
    </ClInclude>
    <ClInclude Include="DirectXTex.h">
      <Filter>ヘッダー ファイル\DX</Filter>
    </ClInclude>
    <ClInclude Include="Map.h">
      <Filter>ヘッダー ファイル</Filter>
    </ClInclude>
    <ClInclude Include="UI.h">
      <Filter>ヘッダー ファイル</Filter>
    </ClInclude>
    <ClInclude Include="GameReady.h">
      <Filter>ヘッダー ファイル</Filter>
    </ClInclude>
    <ClInclude Include="GameBattle.h">
      <Filter>ヘッダー ファイル</Filter>
    </ClInclude>
    <ClInclude Include="GameResult.h">
      <Filter>ヘッダー ファイル</Filter>
    </ClInclude>
    <ClInclude Include="BuildSystem.h">
      <Filter>ヘッダー ファイル</Filter>
    </ClInclude>
    <ClInclude Include="BuildGlobals.h">
      <Filter>ヘッダー ファイル</Filter>
    </ClInclude>
    <ClInclude Include="BuildUI.h">
      <Filter>ヘッダー ファイル</Filter>
    </ClInclude>
  </ItemGroup>
</Project>